
Microsoft Visual Studio Solution File, Format Version 12.00
# Visual Studio Version 17
VisualStudioVersion = 17.13.35825.156
MinimumVisualStudioVersion = 10.0.40219.1
Project("{FAE04EC0-301F-11D3-BF4B-00C04F79EFBC}") = "PlatformService", "PlatformService\PlatformService.csproj", "{B9CF4D6D-2BA9-48F6-BC06-F7E9D2E91482}"
EndProject
Project("{FAE04EC0-301F-11D3-BF4B-00C04F79EFBC}") = "K8S", "K8S\K8S.csproj", "{4D90DFDE-B872-4518-980B-46A86B293829}"
EndProject
Global
	GlobalSection(SolutionConfigurationPlatforms) = preSolution
		Debug|Any CPU = Debug|Any CPU
		Release|Any CPU = Release|Any CPU
	EndGlobalSection
	GlobalSection(ProjectConfigurationPlatforms) = postSolution
		{B9CF4D6D-2BA9-48F6-BC06-F7E9D2E91482}.Debug|Any CPU.ActiveCfg = Debug|Any CPU
		{B9CF4D6D-2BA9-48F6-BC06-F7E9D2E91482}.Debug|Any CPU.Build.0 = Debug|Any CPU
		{B9CF4D6D-2BA9-48F6-BC06-F7E9D2E91482}.Release|Any CPU.ActiveCfg = Release|Any CPU
		{B9CF4D6D-2BA9-48F6-BC06-F7E9D2E91482}.Release|Any CPU.Build.0 = Release|Any CPU
		{4D90DFDE-B872-4518-980B-46A86B293829}.Debug|Any CPU.ActiveCfg = Debug|Any CPU
		{4D90DFDE-B872-4518-980B-46A86B293829}.Debug|Any CPU.Build.0 = Debug|Any CPU
		{4D90DFDE-B872-4518-980B-46A86B293829}.Release|Any CPU.ActiveCfg = Release|Any CPU
		{4D90DFDE-B872-4518-980B-46A86B293829}.Release|Any CPU.Build.0 = Release|Any CPU
	EndGlobalSection
	GlobalSection(SolutionProperties) = preSolution
		HideSolutionNode = FALSE
	EndGlobalSection
	GlobalSection(ExtensibilityGlobals) = postSolution
		SolutionGuid = {9F7673FF-39BF-4E91-8396-133C0E6A7A3B}
	EndGlobalSection
EndGlobal
